
Microsoft Visual Studio Solution File, Format Version 12.00
# Visual Studio Version 16
VisualStudioVersion = 16.0.31729.503
MinimumVisualStudioVersion = 10.0.40219.1
Project("{FAE04EC0-301F-11D3-BF4B-00C04F79EFBC}") = "BubbleSort", "BubbleSort.csproj", "{50204E8A-8771-4D4C-9A47-05A8CC8EA408}"
EndProject
Global
	GlobalSection(SolutionConfigurationPlatforms) = preSolution
		Debug|Any CPU = Debug|Any CPU
		Release|Any CPU = Release|Any CPU
	EndGlobalSection
	GlobalSection(ProjectConfigurationPlatforms) = postSolution
		{50204E8A-8771-4D4C-9A47-05A8CC8EA408}.Debug|Any CPU.ActiveCfg = Debug|Any CPU
		{50204E8A-8771-4D4C-9A47-05A8CC8EA408}.Debug|Any CPU.Build.0 = Debug|Any CPU
		{50204E8A-8771-4D4C-9A47-05A8CC8EA408}.Release|Any CPU.ActiveCfg = Release|Any CPU
		{50204E8A-8771-4D4C-9A47-05A8CC8EA408}.Release|Any CPU.Build.0 = Release|Any CPU
	EndGlobalSection
	GlobalSection(SolutionProperties) = preSolution
		HideSolutionNode = FALSE
	EndGlobalSection
	GlobalSection(ExtensibilityGlobals) = postSolution
		SolutionGuid = {CBFDE264-F1CF-4077-B139-D2BA9DF85F66}
	EndGlobalSection
EndGlobal
